
Microsoft Visual Studio Solution File, Format Version 12.00
# Visual Studio Version 18
VisualStudioVersion = 18.10.12224.181 stable
MinimumVisualStudioVersion = 10.0.40219.1
Project("{FAE04EC0-301F-11D3-BF4B-00C04F79EFBC}") = "ToDoList.Api", "src\ToDoList.Api\ToDoList.Api.csproj", "{114CDA2B-BEF1-43F6-B5FD-6BBB1970C6A2}"
EndProject
Project("{FAE04EC0-301F-11D3-BF4B-00C04F79EFBC}") = "ToDoList.Application", "src\ToDoList.Application\ToDoList.Application.csproj", "{AF7AFA20-B6AF-4288-AA4B-B3E60A4129AF}"
EndProject
Project("{FAE04EC0-301F-11D3-BF4B-00C04F79EFBC}") = "ToDoList.Domain", "src\ToDoList.Domain\ToDoList.Domain.csproj", "{2DD6E5DD-ED54-4920-B183-182C56F803DC}"
EndProject
Project("{FAE04EC0-301F-11D3-BF4B-00C04F79EFBC}") = "ToDoList.Infrastructure", "src\ToDoList.Infrastructure\ToDoList.Infrastructure.csproj", "{BF2508E2-31E7-4C44-B203-F198A3F2125D}"
EndProject
Global
	GlobalSection(SolutionConfigurationPlatforms) = preSolution
		Debug|Any CPU = Debug|Any CPU
		Release|Any CPU = Release|Any CPU
	EndGlobalSection
	GlobalSection(ProjectConfigurationPlatforms) = postSolution
		{114CDA2B-BEF1-43F6-B5FD-6BBB1970C6A2}.Debug|Any CPU.ActiveCfg = Debug|Any CPU
		{114CDA2B-BEF1-43F6-B5FD-6BBB1970C6A2}.Debug|Any CPU.Build.0 = Debug|Any CPU
		{114CDA2B-BEF1-43F6-B5FD-6BBB1970C6A2}.Release|Any CPU.ActiveCfg = Release|Any CPU
		{114CDA2B-BEF1-43F6-B5FD-6BBB1970C6A2}.Release|Any CPU.Build.0 = Release|Any CPU
		{AF7AFA20-B6AF-4288-AA4B-B3E60A4129AF}.Debug|Any CPU.ActiveCfg = Debug|Any CPU
		{AF7AFA20-B6AF-4288-AA4B-B3E60A4129AF}.Debug|Any CPU.Build.0 = Debug|Any CPU
		{AF7AFA20-B6AF-4288-AA4B-B3E60A4129AF}.Release|Any CPU.ActiveCfg = Release|Any CPU
		{AF7AFA20-B6AF-4288-AA4B-B3E60A4129AF}.Release|Any CPU.Build.0 = Release|Any CPU
		{2DD6E5DD-ED54-4920-B183-182C56F803DC}.Debug|Any CPU.ActiveCfg = Debug|Any CPU
		{2DD6E5DD-ED54-4920-B183-182C56F803DC}.Debug|Any CPU.Build.0 = Debug|Any CPU
		{2DD6E5DD-ED54-4920-B183-182C56F803DC}.Release|Any CPU.ActiveCfg = Release|Any CPU
		{2DD6E5DD-ED54-4920-B183-182C56F803DC}.Release|Any CPU.Build.0 = Release|Any CPU
		{BF2508E2-31E7-4C44-B203-F198A3F2125D}.Debug|Any CPU.ActiveCfg = Debug|Any CPU
		{BF2508E2-31E7-4C44-B203-F198A3F2125D}.Debug|Any CPU.Build.0 = Debug|Any CPU
		{BF2508E2-31E7-4C44-B203-F198A3F2125D}.Release|Any CPU.ActiveCfg = Release|Any CPU
		{BF2508E2-31E7-4C44-B203-F198A3F2125D}.Release|Any CPU.Build.0 = Release|Any CPU
	EndGlobalSection
	GlobalSection(SolutionProperties) = preSolution
		HideSolutionNode = FALSE
	EndGlobalSection
	GlobalSection(ExtensibilityGlobals) = postSolution
		SolutionGuid = {0089138A-A613-410B-AAE3-F8972090BC4B}
	EndGlobalSection
EndGlobal
